{
  "name": "graph-recipes-node-experiment",
  "version": "0.0.1",
  "lockfileVersion": 1,
  "requires": true,
  "dependencies": {
    "events": {
      "version": "3.0.0",
      "resolved": "https://registry.npmjs.org/events/-/events-3.0.0.tgz",
      "integrity": "sha512-Dc381HFWJzEOhQ+d8pkNon++bk9h6cdAoAj4iE6Q4y6xgTzySWXlKn05/TVNpjnfRqi/X0EpJEJohPjNI3zpVA=="
    },
    "graphology": {
      "version": "0.14.1",
      "resolved": "https://registry.npmjs.org/graphology/-/graphology-0.14.1.tgz",
      "integrity": "sha512-JgNr19nvjovs9KnenxyC+AZAJkE6CRr9rgBC4vEZO/EHEF3/PuEBHuGJNwh4+f5sjoRO1iI/lvkqWTkGuUWA9w==",
      "requires": {
        "events": "~3.0.0",
        "obliterator": "~1.3.0"
      }
    },
    "obliterator": {
      "version": "1.3.0",
      "resolved": "https://registry.npmjs.org/obliterator/-/obliterator-1.3.0.tgz",
      "integrity": "sha512-lUSE420rF+gOCNDVn6w+E0ZE2wCtRInrhUETW8cQMjh9Je2EM/Agz0rAWEBr5AmqUP6PlJt1X8hRbMFSewMXSQ=="
    }
  }
}
